<?xml version="1.0"?>
<CONFIG>
  <ProjectOptions>
    <Version Value="7"/>
    <General>
      <MainUnit Value="0"/>
      <TargetFileExt Value=""/>
      <Icon Value="0"/>
      <ActiveEditorIndexAtStart Value="2"/>
    </General>
    <VersionInfo>
      <ProjectVersion Value=""/>
    </VersionInfo>
    <PublishOptions>
      <Version Value="2"/>
      <IgnoreBinaries Value="False"/>
      <IncludeFileFilter Value="*.(pas|pp|inc|lfm|lpr|lrs|lpi|lpk|sh|xml)"/>
      <ExcludeFileFilter Value="*.(bak|ppu|ppw|o|so);*~;backup"/>
    </PublishOptions>
    <RunParams>
      <local>
        <FormatVersion Value="1"/>
        <LaunchingApplication PathPlusParams="/usr/X11R6/bin/xterm -T 'Lazarus Run Output' -e $(LazarusDir)/tools/runwait.sh $(TargetCmdLine)"/>
      </local>
    </RunParams>
    <RequiredPackages Count="1">
      <Item1>
        <PackageName Value="LCL"/>
      </Item1>
    </RequiredPackages>
    <Units Count="8">
      <Unit0>
        <Filename Value="teststompclient.lpr"/>
        <IsPartOfProject Value="True"/>
        <CursorPos X="1" Y="10"/>
        <TopLine Value="1"/>
        <EditorIndex Value="2"/>
        <UsageCount Value="21"/>
        <Loaded Value="True"/>
      </Unit0>
      <Unit1>
        <Filename Value="MainU.pas"/>
        <IsPartOfProject Value="True"/>
        <UnitName Value="MainU"/>
        <CursorPos X="52" Y="7"/>
        <TopLine Value="1"/>
        <EditorIndex Value="0"/>
        <UsageCount Value="21"/>
        <Loaded Value="True"/>
      </Unit1>
      <Unit2>
        <Filename Value="../StompClient.pas"/>
        <IsPartOfProject Value="True"/>
        <UnitName Value="StompClient"/>
        <CursorPos X="1" Y="14"/>
        <TopLine Value="1"/>
        <UsageCount Value="21"/>
      </Unit2>
      <Unit3>
        <Filename Value="../StompTypes.pas"/>
        <IsPartOfProject Value="True"/>
        <UnitName Value="StompTypes"/>
        <CursorPos X="20" Y="100"/>
        <TopLine Value="84"/>
        <UsageCount Value="21"/>
      </Unit3>
      <Unit4>
        <Filename Value="../../../../../../../../usr/share/fpcsrc/2.2.4/rtl/objpas/sysutils/datih.inc"/>
        <CursorPos X="1" Y="1"/>
        <TopLine Value="101"/>
        <UsageCount Value="10"/>
      </Unit4>
      <Unit5>
        <Filename Value="../../../../../../../../usr/share/fpcsrc/2.2.4/rtl/inc/systemh.inc"/>
        <CursorPos X="22" Y="86"/>
        <TopLine Value="70"/>
        <UsageCount Value="10"/>
      </Unit5>
      <Unit6>
        <Filename Value="../../../../../../../../usr/share/fpcsrc/2.2.4/rtl/objpas/dateutils.pp"/>
        <UnitName Value="dateutils"/>
        <CursorPos X="13" Y="1"/>
        <TopLine Value="1"/>
        <UsageCount Value="10"/>
      </Unit6>
      <Unit7>
        <Filename Value="../../../../../../../../usr/share/fpcsrc/2.2.4/rtl/objpas/dateutil.inc"/>
        <CursorPos X="25" Y="275"/>
        <TopLine Value="261"/>
        <EditorIndex Value="1"/>
        <UsageCount Value="10"/>
        <Loaded Value="True"/>
      </Unit7>
    </Units>
    <JumpHistory Count="23" HistoryIndex="22">
      <Position1>
        <Filename Value="MainU.pas"/>
        <Caret Line="25" Column="27" TopLine="1"/>
      </Position1>
      <Position2>
        <Filename Value="MainU.pas"/>
        <Caret Line="100" Column="18" TopLine="81"/>
      </Position2>
      <Position3>
        <Filename Value="MainU.pas"/>
        <Caret Line="103" Column="9" TopLine="81"/>
      </Position3>
      <Position4>
        <Filename Value="MainU.pas"/>
        <Caret Line="109" Column="5" TopLine="81"/>
      </Position4>
      <Position5>
        <Filename Value="MainU.pas"/>
        <Caret Line="120" Column="7" TopLine="104"/>
      </Position5>
      <Position6>
        <Filename Value="MainU.pas"/>
        <Caret Line="124" Column="48" TopLine="104"/>
      </Position6>
      <Position7>
        <Filename Value="MainU.pas"/>
        <Caret Line="128" Column="7" TopLine="104"/>
      </Position7>
      <Position8>
        <Filename Value="MainU.pas"/>
        <Caret Line="139" Column="7" TopLine="121"/>
      </Position8>
      <Position9>
        <Filename Value="MainU.pas"/>
        <Caret Line="140" Column="61" TopLine="121"/>
      </Position9>
      <Position10>
        <Filename Value="MainU.pas"/>
        <Caret Line="142" Column="36" TopLine="121"/>
      </Position10>
      <Position11>
        <Filename Value="MainU.pas"/>
        <Caret Line="143" Column="47" TopLine="121"/>
      </Position11>
      <Position12>
        <Filename Value="MainU.pas"/>
        <Caret Line="109" Column="5" TopLine="91"/>
      </Position12>
      <Position13>
        <Filename Value="MainU.pas"/>
        <Caret Line="103" Column="32" TopLine="91"/>
      </Position13>
      <Position14>
        <Filename Value="MainU.pas"/>
        <Caret Line="102" Column="16" TopLine="87"/>
      </Position14>
      <Position15>
        <Filename Value="MainU.pas"/>
        <Caret Line="135" Column="50" TopLine="119"/>
      </Position15>
      <Position16>
        <Filename Value="MainU.pas"/>
        <Caret Line="107" Column="33" TopLine="93"/>
      </Position16>
      <Position17>
        <Filename Value="MainU.pas"/>
        <Caret Line="114" Column="20" TopLine="97"/>
      </Position17>
      <Position18>
        <Filename Value="MainU.pas"/>
        <Caret Line="123" Column="35" TopLine="101"/>
      </Position18>
      <Position19>
        <Filename Value="MainU.pas"/>
        <Caret Line="125" Column="33" TopLine="101"/>
      </Position19>
      <Position20>
        <Filename Value="MainU.pas"/>
        <Caret Line="114" Column="41" TopLine="100"/>
      </Position20>
      <Position21>
        <Filename Value="MainU.pas"/>
        <Caret Line="143" Column="33" TopLine="124"/>
      </Position21>
      <Position22>
        <Filename Value="MainU.pas"/>
        <Caret Line="15" Column="6" TopLine="1"/>
      </Position22>
      <Position23>
        <Filename Value="MainU.pas"/>
        <Caret Line="143" Column="11" TopLine="127"/>
      </Position23>
    </JumpHistory>
  </ProjectOptions>
  <CompilerOptions>
    <Version Value="8"/>
    <SearchPaths>
      <IncludeFiles Value="../;$(ProjOutDir)/"/>
      <OtherUnitFiles Value="../../../;../lib/synapse/"/>
      <UnitOutputDirectory Value="output"/>
    </SearchPaths>
    <Linking>
      <Debugging>
        <UseExternalDbgSyms Value="True"/>
      </Debugging>
    </Linking>
    <Other>
      <CompilerPath Value="$(CompPath)"/>
    </Other>
  </CompilerOptions>
  <Debugging>
    <Exceptions Count="3">
      <Item1>
        <Name Value="EAbort"/>
      </Item1>
      <Item2>
        <Name Value="ECodetoolError"/>
      </Item2>
      <Item3>
        <Name Value="EFOpenError"/>
      </Item3>
    </Exceptions>
  </Debugging>
</CONFIG>
