<?xml version="1.0"?>
<CONFIG>
  <ProjectOptions>
    <Version Value="7"/>
    <General>
      <MainUnit Value="0"/>
      <TargetFileExt Value=""/>
      <Icon Value="0"/>
      <ActiveEditorIndexAtStart Value="0"/>
    </General>
    <VersionInfo>
      <ProjectVersion Value=""/>
    </VersionInfo>
    <PublishOptions>
      <Version Value="2"/>
      <IgnoreBinaries Value="False"/>
      <IncludeFileFilter Value="*.(pas|pp|inc|lfm|lpr|lrs|lpi|lpk|sh|xml)"/>
      <ExcludeFileFilter Value="*.(bak|ppu|ppw|o|so);*~;backup"/>
    </PublishOptions>
    <RunParams>
      <local>
        <FormatVersion Value="1"/>
        <LaunchingApplication PathPlusParams="/usr/X11R6/bin/xterm -T 'Lazarus Run Output' -e $(LazarusDir)/tools/runwait.sh $(TargetCmdLine)"/>
      </local>
    </RunParams>
    <RequiredPackages Count="1">
      <Item1>
        <PackageName Value="LCL"/>
      </Item1>
    </RequiredPackages>
    <Units Count="4">
      <Unit0>
        <Filename Value="GlobalDemo.lpr"/>
        <IsPartOfProject Value="True"/>
        <CursorPos X="26" Y="14"/>
        <TopLine Value="1"/>
        <EditorIndex Value="3"/>
        <UsageCount Value="21"/>
        <Loaded Value="True"/>
      </Unit0>
      <Unit1>
        <Filename Value="MainForm.pas"/>
        <IsPartOfProject Value="True"/>
        <ComponentName Value="frmMain"/>
        <HasResources Value="True"/>
        <ResourceBaseClass Value="Form"/>
        <UnitName Value="MainForm"/>
        <CursorPos X="37" Y="58"/>
        <TopLine Value="40"/>
        <EditorIndex Value="0"/>
        <UsageCount Value="21"/>
        <Loaded Value="True"/>
      </Unit1>
      <Unit2>
        <Filename Value="../../../StompClient.pas"/>
        <IsPartOfProject Value="True"/>
        <UnitName Value="StompClient"/>
        <CursorPos X="1" Y="8"/>
        <TopLine Value="45"/>
        <EditorIndex Value="2"/>
        <UsageCount Value="21"/>
        <Loaded Value="True"/>
      </Unit2>
      <Unit3>
        <Filename Value="../../../StompTypes.pas"/>
        <IsPartOfProject Value="True"/>
        <UnitName Value="StompTypes"/>
        <CursorPos X="37" Y="210"/>
        <TopLine Value="194"/>
        <EditorIndex Value="1"/>
        <UsageCount Value="21"/>
        <Loaded Value="True"/>
      </Unit3>
    </Units>
    <JumpHistory Count="30" HistoryIndex="29">
      <Position1>
        <Filename Value="../../../StompClient.pas"/>
        <Caret Line="27" Column="1" TopLine="1"/>
      </Position1>
      <Position2>
        <Filename Value="MainForm.pas"/>
        <Caret Line="69" Column="52" TopLine="54"/>
      </Position2>
      <Position3>
        <Filename Value="MainForm.pas"/>
        <Caret Line="41" Column="3" TopLine="39"/>
      </Position3>
      <Position4>
        <Filename Value="MainForm.pas"/>
        <Caret Line="85" Column="31" TopLine="54"/>
      </Position4>
      <Position5>
        <Filename Value="MainForm.pas"/>
        <Caret Line="84" Column="1" TopLine="57"/>
      </Position5>
      <Position6>
        <Filename Value="MainForm.pas"/>
        <Caret Line="85" Column="1" TopLine="57"/>
      </Position6>
      <Position7>
        <Filename Value="MainForm.pas"/>
        <Caret Line="86" Column="1" TopLine="57"/>
      </Position7>
      <Position8>
        <Filename Value="MainForm.pas"/>
        <Caret Line="69" Column="43" TopLine="57"/>
      </Position8>
      <Position9>
        <Filename Value="MainForm.pas"/>
        <Caret Line="73" Column="48" TopLine="57"/>
      </Position9>
      <Position10>
        <Filename Value="MainForm.pas"/>
        <Caret Line="70" Column="20" TopLine="49"/>
      </Position10>
      <Position11>
        <Filename Value="MainForm.pas"/>
        <Caret Line="68" Column="1" TopLine="50"/>
      </Position11>
      <Position12>
        <Filename Value="MainForm.pas"/>
        <Caret Line="69" Column="1" TopLine="51"/>
      </Position12>
      <Position13>
        <Filename Value="MainForm.pas"/>
        <Caret Line="70" Column="1" TopLine="52"/>
      </Position13>
      <Position14>
        <Filename Value="MainForm.pas"/>
        <Caret Line="71" Column="1" TopLine="53"/>
      </Position14>
      <Position15>
        <Filename Value="MainForm.pas"/>
        <Caret Line="72" Column="1" TopLine="54"/>
      </Position15>
      <Position16>
        <Filename Value="MainForm.pas"/>
        <Caret Line="71" Column="1" TopLine="53"/>
      </Position16>
      <Position17>
        <Filename Value="MainForm.pas"/>
        <Caret Line="66" Column="1" TopLine="48"/>
      </Position17>
      <Position18>
        <Filename Value="MainForm.pas"/>
        <Caret Line="74" Column="1" TopLine="56"/>
      </Position18>
      <Position19>
        <Filename Value="MainForm.pas"/>
        <Caret Line="67" Column="35" TopLine="49"/>
      </Position19>
      <Position20>
        <Filename Value="MainForm.pas"/>
        <Caret Line="68" Column="1" TopLine="50"/>
      </Position20>
      <Position21>
        <Filename Value="MainForm.pas"/>
        <Caret Line="69" Column="1" TopLine="51"/>
      </Position21>
      <Position22>
        <Filename Value="MainForm.pas"/>
        <Caret Line="70" Column="1" TopLine="52"/>
      </Position22>
      <Position23>
        <Filename Value="MainForm.pas"/>
        <Caret Line="71" Column="1" TopLine="53"/>
      </Position23>
      <Position24>
        <Filename Value="MainForm.pas"/>
        <Caret Line="72" Column="1" TopLine="54"/>
      </Position24>
      <Position25>
        <Filename Value="MainForm.pas"/>
        <Caret Line="71" Column="1" TopLine="53"/>
      </Position25>
      <Position26>
        <Filename Value="MainForm.pas"/>
        <Caret Line="66" Column="1" TopLine="48"/>
      </Position26>
      <Position27>
        <Filename Value="MainForm.pas"/>
        <Caret Line="58" Column="27" TopLine="40"/>
      </Position27>
      <Position28>
        <Filename Value="MainForm.pas"/>
        <Caret Line="59" Column="1" TopLine="41"/>
      </Position28>
      <Position29>
        <Filename Value="MainForm.pas"/>
        <Caret Line="66" Column="32" TopLine="49"/>
      </Position29>
      <Position30>
        <Filename Value="MainForm.pas"/>
        <Caret Line="68" Column="1" TopLine="50"/>
      </Position30>
    </JumpHistory>
  </ProjectOptions>
  <CompilerOptions>
    <Version Value="8"/>
    <Target>
      <Filename Value="../../bin/GlobalDemo"/>
    </Target>
    <SearchPaths>
      <IncludeFiles Value="../../../;$(ProjOutDir)/"/>
      <OtherUnitFiles Value="../../../;../../../lib/synapse/"/>
      <UnitOutputDirectory Value="../../ppu"/>
    </SearchPaths>
    <Other>
      <CompilerPath Value="$(CompPath)"/>
    </Other>
  </CompilerOptions>
  <Debugging>
    <BreakPoints Count="3">
      <Item1>
        <Source Value="MainForm.pas"/>
        <Line Value="58"/>
      </Item1>
      <Item2>
        <Source Value="MainForm.pas"/>
        <Line Value="84"/>
      </Item2>
      <Item3>
        <Source Value="MainForm.pas"/>
        <Line Value="67"/>
      </Item3>
    </BreakPoints>
    <Exceptions Count="3">
      <Item1>
        <Name Value="EAbort"/>
      </Item1>
      <Item2>
        <Name Value="ECodetoolError"/>
      </Item2>
      <Item3>
        <Name Value="EFOpenError"/>
      </Item3>
    </Exceptions>
  </Debugging>
</CONFIG>
