<?xml version="1.0"?>
<CONFIG>
  <ProjectOptions>
    <Version Value="7"/>
    <General>
      <MainUnit Value="0"/>
      <AutoCreateForms Value="False"/>
      <TargetFileExt Value=""/>
      <UseAppBundle Value="False"/>
      <Icon Value="0"/>
      <ActiveEditorIndexAtStart Value="4"/>
    </General>
    <VersionInfo>
      <ProjectVersion Value=""/>
    </VersionInfo>
    <PublishOptions>
      <Version Value="2"/>
      <IgnoreBinaries Value="False"/>
      <IncludeFileFilter Value="*.(pas|pp|inc|lfm|lpr|lrs|lpi|lpk|sh|xml)"/>
      <ExcludeFileFilter Value="*.(bak|ppu|ppw|o|so);*~;backup"/>
    </PublishOptions>
    <RunParams>
      <local>
        <FormatVersion Value="1"/>
        <LaunchingApplication PathPlusParams="/usr/X11R6/bin/xterm -T 'Lazarus Run Output' -e $(LazarusDir)/tools/runwait.sh $(TargetCmdLine)"/>
      </local>
    </RunParams>
    <RequiredPackages Count="1">
      <Item1>
        <PackageName Value="LCL"/>
      </Item1>
    </RequiredPackages>
    <Units Count="6">
      <Unit0>
        <Filename Value="Receiver.lpr"/>
        <IsPartOfProject Value="True"/>
        <CursorPos X="11" Y="8"/>
        <TopLine Value="1"/>
        <EditorIndex Value="1"/>
        <UsageCount Value="23"/>
        <Loaded Value="True"/>
      </Unit0>
      <Unit1>
        <Filename Value="ReceiverForm.pas"/>
        <IsPartOfProject Value="True"/>
        <ComponentName Value="Form1"/>
        <HasResources Value="True"/>
        <ResourceBaseClass Value="Form"/>
        <UnitName Value="ReceiverForm"/>
        <CursorPos X="1" Y="1"/>
        <TopLine Value="1"/>
        <EditorIndex Value="4"/>
        <UsageCount Value="23"/>
        <Loaded Value="True"/>
      </Unit1>
      <Unit2>
        <Filename Value="../../../StompClient.pas"/>
        <IsPartOfProject Value="True"/>
        <UnitName Value="StompClient"/>
        <CursorPos X="56" Y="230"/>
        <TopLine Value="206"/>
        <EditorIndex Value="0"/>
        <UsageCount Value="23"/>
        <Loaded Value="True"/>
      </Unit2>
      <Unit3>
        <Filename Value="../../../StompTypes.pas"/>
        <IsPartOfProject Value="True"/>
        <UnitName Value="StompTypes"/>
        <CursorPos X="1" Y="495"/>
        <TopLine Value="477"/>
        <EditorIndex Value="3"/>
        <UsageCount Value="23"/>
        <Loaded Value="True"/>
      </Unit3>
      <Unit4>
        <Filename Value="../../../../../../../../../../usr/share/fpcsrc/2.2.4/rtl/objpas/classes/classesh.inc"/>
        <CursorPos X="13" Y="1357"/>
        <TopLine Value="1341"/>
        <UsageCount Value="10"/>
      </Unit4>
      <Unit5>
        <Filename Value="../../../../../../../../../../usr/lib/lazarus/0.9.29/lcl/include/control.inc"/>
        <CursorPos X="27" Y="2743"/>
        <TopLine Value="2739"/>
        <EditorIndex Value="2"/>
        <UsageCount Value="11"/>
        <Loaded Value="True"/>
      </Unit5>
    </Units>
    <JumpHistory Count="30" HistoryIndex="29">
      <Position1>
        <Filename Value="../../../StompClient.pas"/>
        <Caret Line="206" Column="1" TopLine="188"/>
      </Position1>
      <Position2>
        <Filename Value="../../../StompClient.pas"/>
        <Caret Line="207" Column="1" TopLine="189"/>
      </Position2>
      <Position3>
        <Filename Value="../../../StompClient.pas"/>
        <Caret Line="209" Column="1" TopLine="191"/>
      </Position3>
      <Position4>
        <Filename Value="../../../StompClient.pas"/>
        <Caret Line="214" Column="1" TopLine="196"/>
      </Position4>
      <Position5>
        <Filename Value="../../../StompClient.pas"/>
        <Caret Line="215" Column="1" TopLine="197"/>
      </Position5>
      <Position6>
        <Filename Value="../../../StompClient.pas"/>
        <Caret Line="216" Column="1" TopLine="198"/>
      </Position6>
      <Position7>
        <Filename Value="../../../StompClient.pas"/>
        <Caret Line="217" Column="1" TopLine="199"/>
      </Position7>
      <Position8>
        <Filename Value="../../../StompClient.pas"/>
        <Caret Line="218" Column="1" TopLine="200"/>
      </Position8>
      <Position9>
        <Filename Value="../../../StompClient.pas"/>
        <Caret Line="219" Column="1" TopLine="201"/>
      </Position9>
      <Position10>
        <Filename Value="../../../StompClient.pas"/>
        <Caret Line="220" Column="1" TopLine="202"/>
      </Position10>
      <Position11>
        <Filename Value="../../../StompClient.pas"/>
        <Caret Line="221" Column="1" TopLine="203"/>
      </Position11>
      <Position12>
        <Filename Value="../../../StompClient.pas"/>
        <Caret Line="222" Column="1" TopLine="204"/>
      </Position12>
      <Position13>
        <Filename Value="../../../StompClient.pas"/>
        <Caret Line="221" Column="1" TopLine="203"/>
      </Position13>
      <Position14>
        <Filename Value="../../../StompClient.pas"/>
        <Caret Line="223" Column="1" TopLine="205"/>
      </Position14>
      <Position15>
        <Filename Value="../../../StompClient.pas"/>
        <Caret Line="225" Column="1" TopLine="207"/>
      </Position15>
      <Position16>
        <Filename Value="../../../StompClient.pas"/>
        <Caret Line="227" Column="1" TopLine="209"/>
      </Position16>
      <Position17>
        <Filename Value="../../../StompClient.pas"/>
        <Caret Line="202" Column="1" TopLine="184"/>
      </Position17>
      <Position18>
        <Filename Value="../../../StompClient.pas"/>
        <Caret Line="201" Column="1" TopLine="183"/>
      </Position18>
      <Position19>
        <Filename Value="../../../StompClient.pas"/>
        <Caret Line="236" Column="1" TopLine="218"/>
      </Position19>
      <Position20>
        <Filename Value="../../../StompClient.pas"/>
        <Caret Line="201" Column="1" TopLine="183"/>
      </Position20>
      <Position21>
        <Filename Value="../../../StompClient.pas"/>
        <Caret Line="236" Column="1" TopLine="218"/>
      </Position21>
      <Position22>
        <Filename Value="ReceiverForm.pas"/>
        <Caret Line="79" Column="1" TopLine="61"/>
      </Position22>
      <Position23>
        <Filename Value="../../../StompTypes.pas"/>
        <Caret Line="491" Column="1" TopLine="473"/>
      </Position23>
      <Position24>
        <Filename Value="../../../StompTypes.pas"/>
        <Caret Line="492" Column="1" TopLine="474"/>
      </Position24>
      <Position25>
        <Filename Value="../../../StompTypes.pas"/>
        <Caret Line="493" Column="1" TopLine="475"/>
      </Position25>
      <Position26>
        <Filename Value="../../../StompTypes.pas"/>
        <Caret Line="494" Column="1" TopLine="476"/>
      </Position26>
      <Position27>
        <Filename Value="../../../StompTypes.pas"/>
        <Caret Line="495" Column="1" TopLine="477"/>
      </Position27>
      <Position28>
        <Filename Value="ReceiverForm.pas"/>
        <Caret Line="55" Column="18" TopLine="38"/>
      </Position28>
      <Position29>
        <Filename Value="../../../../../../../../../../usr/lib/lazarus/0.9.29/lcl/include/control.inc"/>
        <Caret Line="2752" Column="1" TopLine="2734"/>
      </Position29>
      <Position30>
        <Filename Value="../../../../../../../../../../usr/lib/lazarus/0.9.29/lcl/include/control.inc"/>
        <Caret Line="2755" Column="1" TopLine="2737"/>
      </Position30>
    </JumpHistory>
  </ProjectOptions>
  <CompilerOptions>
    <Version Value="8"/>
    <Target>
      <Filename Value="../../bin/Receiver"/>
    </Target>
    <SearchPaths>
      <IncludeFiles Value="../../../;$(ProjOutDir)/"/>
      <OtherUnitFiles Value="../../../;../../../lib/synapse/"/>
      <UnitOutputDirectory Value="../../ppu"/>
    </SearchPaths>
    <Other>
      <CompilerPath Value="$(CompPath)"/>
    </Other>
  </CompilerOptions>
  <Debugging>
    <BreakPoints Count="1">
      <Item1>
        <Source Value="../../../StompClient.pas"/>
        <Line Value="203"/>
      </Item1>
    </BreakPoints>
    <Exceptions Count="4">
      <Item1>
        <Name Value="EAbort"/>
      </Item1>
      <Item2>
        <Name Value="ECodetoolError"/>
      </Item2>
      <Item3>
        <Name Value="EFOpenError"/>
      </Item3>
      <Item4>
        <Name Value="Unknown"/>
      </Item4>
    </Exceptions>
  </Debugging>
</CONFIG>
