<Project xmlns="http://schemas.microsoft.com/developer/msbuild/2003">
    <PropertyGroup>
        <ProjectGuid>{D87A49D2-D936-4F0E-BC4F-38702084A156}</ProjectGuid>
        <ProjectVersion>19.5</ProjectVersion>
        <FrameworkType>VCL</FrameworkType>
        <MainSource>WineCellarServer.dpr</MainSource>
        <Base>True</Base>
        <Config Condition="'$(Config)'==''">Debug</Config>
        <Platform Condition="'$(Platform)'==''">Win32</Platform>
        <TargetedPlatforms>1</TargetedPlatforms>
        <AppType>Console</AppType>
    </PropertyGroup>
    <PropertyGroup Condition="'$(Config)'=='Base' or '$(Base)'!=''">
        <Base>true</Base>
    </PropertyGroup>
    <PropertyGroup Condition="('$(Platform)'=='Android' and '$(Base)'=='true') or '$(Base_Android)'!=''">
        <Base_Android>true</Base_Android>
        <CfgParent>Base</CfgParent>
        <Base>true</Base>
    </PropertyGroup>
    <PropertyGroup Condition="('$(Platform)'=='Android64' and '$(Base)'=='true') or '$(Base_Android64)'!=''">
        <Base_Android64>true</Base_Android64>
        <CfgParent>Base</CfgParent>
        <Base>true</Base>
    </PropertyGroup>
    <PropertyGroup Condition="('$(Platform)'=='Win32' and '$(Base)'=='true') or '$(Base_Win32)'!=''">
        <Base_Win32>true</Base_Win32>
        <CfgParent>Base</CfgParent>
        <Base>true</Base>
    </PropertyGroup>
    <PropertyGroup Condition="('$(Platform)'=='Win64' and '$(Base)'=='true') or '$(Base_Win64)'!=''">
        <Base_Win64>true</Base_Win64>
        <CfgParent>Base</CfgParent>
        <Base>true</Base>
    </PropertyGroup>
    <PropertyGroup Condition="'$(Config)'=='Debug' or '$(Cfg_1)'!=''">
        <Cfg_1>true</Cfg_1>
        <CfgParent>Base</CfgParent>
        <Base>true</Base>
    </PropertyGroup>
    <PropertyGroup Condition="('$(Platform)'=='Win32' and '$(Cfg_1)'=='true') or '$(Cfg_1_Win32)'!=''">
        <Cfg_1_Win32>true</Cfg_1_Win32>
        <CfgParent>Cfg_1</CfgParent>
        <Cfg_1>true</Cfg_1>
        <Base>true</Base>
    </PropertyGroup>
    <PropertyGroup Condition="'$(Config)'=='Release' or '$(Cfg_2)'!=''">
        <Cfg_2>true</Cfg_2>
        <CfgParent>Base</CfgParent>
        <Base>true</Base>
    </PropertyGroup>
    <PropertyGroup Condition="'$(Base)'!=''">
        <Icns_MainIcns>$(BDS)\bin\delphi_PROJECTICNS.icns</Icns_MainIcns>
        <SanitizedProjectName>WineCellarServer</SanitizedProjectName>
        <Manifest_File>None</Manifest_File>
        <DCC_UnitSearchPath>..\..\lib\loggerpro;..\..\lib\delphistompclient;..\..\lib\dmustache;..\..\..\delphiredisclient\sources;$(DCC_UnitSearchPath)</DCC_UnitSearchPath>
        <Icon_MainIcon>$(BDS)\bin\delphi_PROJECTICON.ico</Icon_MainIcon>
        <DCC_Namespace>System;Xml;Data;Datasnap;Web;Soap;Vcl;Vcl.Imaging;Vcl.Touch;Vcl.Samples;Vcl.Shell;$(DCC_Namespace)</DCC_Namespace>
        <VerInfo_Locale>1040</VerInfo_Locale>
        <VerInfo_Keys>CompanyName=;FileDescription=;FileVersion=1.0.0.0;InternalName=;LegalCopyright=;LegalTrademarks=;OriginalFilename=;ProductName=;ProductVersion=1.0.0.0;Comments=</VerInfo_Keys>
        <DCC_DcuOutput>.\$(Platform)\$(Config)</DCC_DcuOutput>
        <DCC_ExeOutput>.\$(Platform)\$(Config)</DCC_ExeOutput>
        <DCC_E>false</DCC_E>
        <DCC_N>false</DCC_N>
        <DCC_S>false</DCC_S>
        <DCC_F>false</DCC_F>
        <DCC_K>false</DCC_K>
    </PropertyGroup>
    <PropertyGroup Condition="'$(Base_Android)'!=''">
        <AUP_WRITE_EXTERNAL_STORAGE>true</AUP_WRITE_EXTERNAL_STORAGE>
        <Android_LauncherIcon36>$(BDS)\bin\Artwork\Android\FM_LauncherIcon_36x36.png</Android_LauncherIcon36>
        <Android_SplashImage470>$(BDS)\bin\Artwork\Android\FM_SplashImage_470x320.png</Android_SplashImage470>
        <Android_LauncherIcon48>$(BDS)\bin\Artwork\Android\FM_LauncherIcon_48x48.png</Android_LauncherIcon48>
        <Android_LauncherIcon96>$(BDS)\bin\Artwork\Android\FM_LauncherIcon_96x96.png</Android_LauncherIcon96>
        <Android_LauncherIcon72>$(BDS)\bin\Artwork\Android\FM_LauncherIcon_72x72.png</Android_LauncherIcon72>
        <AUP_READ_PHONE_STATE>true</AUP_READ_PHONE_STATE>
        <AUP_CALL_PHONE>true</AUP_CALL_PHONE>
        <AUP_WRITE_CALENDAR>true</AUP_WRITE_CALENDAR>
        <AUP_CAMERA>true</AUP_CAMERA>
        <AUP_READ_CALENDAR>true</AUP_READ_CALENDAR>
        <Android_SplashImage640>$(BDS)\bin\Artwork\Android\FM_SplashImage_640x480.png</Android_SplashImage640>
        <Android_LauncherIcon144>$(BDS)\bin\Artwork\Android\FM_LauncherIcon_144x144.png</Android_LauncherIcon144>
        <AUP_ACCESS_COARSE_LOCATION>true</AUP_ACCESS_COARSE_LOCATION>
        <Android_SplashImage426>$(BDS)\bin\Artwork\Android\FM_SplashImage_426x320.png</Android_SplashImage426>
        <Android_SplashImage960>$(BDS)\bin\Artwork\Android\FM_SplashImage_960x720.png</Android_SplashImage960>
        <BT_BuildType>Debug</BT_BuildType>
        <EnabledSysJars>android-support-v4.dex.jar;cloud-messaging.dex.jar;fmx.dex.jar;google-analytics-v2.dex.jar;google-play-billing.dex.jar;google-play-licensing.dex.jar;google-play-services.dex.jar</EnabledSysJars>
        <AUP_ACCESS_FINE_LOCATION>true</AUP_ACCESS_FINE_LOCATION>
        <AUP_READ_EXTERNAL_STORAGE>true</AUP_READ_EXTERNAL_STORAGE>
        <AUP_INTERNET>true</AUP_INTERNET>
        <VerInfo_Keys>package=com.embarcadero.$(MSBuildProjectName);label=$(MSBuildProjectName);versionCode=1;versionName=1.0.0;persistent=False;restoreAnyVersion=False;installLocation=auto;largeHeap=False;theme=TitleBar;hardwareAccelerated=true;apiKey=</VerInfo_Keys>
        <Android_NotificationIcon24>$(BDS)\bin\Artwork\Android\FM_NotificationIcon_24x24.png</Android_NotificationIcon24>
        <Android_NotificationIcon36>$(BDS)\bin\Artwork\Android\FM_NotificationIcon_36x36.png</Android_NotificationIcon36>
        <Android_NotificationIcon48>$(BDS)\bin\Artwork\Android\FM_NotificationIcon_48x48.png</Android_NotificationIcon48>
        <Android_NotificationIcon72>$(BDS)\bin\Artwork\Android\FM_NotificationIcon_72x72.png</Android_NotificationIcon72>
        <Android_NotificationIcon96>$(BDS)\bin\Artwork\Android\FM_NotificationIcon_96x96.png</Android_NotificationIcon96>
        <Android_LauncherIcon192>$(BDS)\bin\Artwork\Android\FM_LauncherIcon_192x192.png</Android_LauncherIcon192>
    </PropertyGroup>
    <PropertyGroup Condition="'$(Base_Android64)'!=''">
        <VerInfo_Keys>package=com.embarcadero.$(MSBuildProjectName);label=$(MSBuildProjectName);versionCode=1;versionName=1.0.0;persistent=False;restoreAnyVersion=False;installLocation=auto;largeHeap=False;theme=TitleBar;hardwareAccelerated=true;apiKey=</VerInfo_Keys>
        <BT_BuildType>Debug</BT_BuildType>
        <Base_Android>true</Base_Android>
        <CfgParent>Base</CfgParent>
        <Base>true</Base>
        <AUP_WRITE_EXTERNAL_STORAGE>true</AUP_WRITE_EXTERNAL_STORAGE>
        <Android_LauncherIcon36>$(BDS)\bin\Artwork\Android\FM_LauncherIcon_36x36.png</Android_LauncherIcon36>
        <Android_SplashImage470>$(BDS)\bin\Artwork\Android\FM_SplashImage_470x320.png</Android_SplashImage470>
        <Android_LauncherIcon48>$(BDS)\bin\Artwork\Android\FM_LauncherIcon_48x48.png</Android_LauncherIcon48>
        <Android_LauncherIcon96>$(BDS)\bin\Artwork\Android\FM_LauncherIcon_96x96.png</Android_LauncherIcon96>
        <Android_LauncherIcon72>$(BDS)\bin\Artwork\Android\FM_LauncherIcon_72x72.png</Android_LauncherIcon72>
        <AUP_READ_PHONE_STATE>true</AUP_READ_PHONE_STATE>
        <AUP_CALL_PHONE>true</AUP_CALL_PHONE>
        <AUP_WRITE_CALENDAR>true</AUP_WRITE_CALENDAR>
        <AUP_CAMERA>true</AUP_CAMERA>
        <AUP_READ_CALENDAR>true</AUP_READ_CALENDAR>
        <Android_SplashImage640>$(BDS)\bin\Artwork\Android\FM_SplashImage_640x480.png</Android_SplashImage640>
        <Android_LauncherIcon144>$(BDS)\bin\Artwork\Android\FM_LauncherIcon_144x144.png</Android_LauncherIcon144>
        <AUP_ACCESS_COARSE_LOCATION>true</AUP_ACCESS_COARSE_LOCATION>
        <Android_SplashImage426>$(BDS)\bin\Artwork\Android\FM_SplashImage_426x320.png</Android_SplashImage426>
        <Android_SplashImage960>$(BDS)\bin\Artwork\Android\FM_SplashImage_960x720.png</Android_SplashImage960>
        <EnabledSysJars>android-support-v4.dex.jar;cloud-messaging.dex.jar;fmx.dex.jar;google-analytics-v2.dex.jar;google-play-billing.dex.jar;google-play-licensing.dex.jar;google-play-services.dex.jar</EnabledSysJars>
        <AUP_ACCESS_FINE_LOCATION>true</AUP_ACCESS_FINE_LOCATION>
        <AUP_READ_EXTERNAL_STORAGE>true</AUP_READ_EXTERNAL_STORAGE>
        <AUP_INTERNET>true</AUP_INTERNET>
        <Android_LauncherIcon192>$(BDS)\bin\Artwork\Android\FM_LauncherIcon_192x192.png</Android_LauncherIcon192>
    </PropertyGroup>
    <PropertyGroup Condition="'$(Base_Win32)'!=''">
        <DCC_DebugDCUs>true</DCC_DebugDCUs>
        <DCC_GenerateStackFrames>true</DCC_GenerateStackFrames>
        <DCC_Namespace>Winapi;System.Win;Data.Win;Datasnap.Win;Web.Win;Soap.Win;Xml.Win;Bde;$(DCC_Namespace)</DCC_Namespace>
        <VerInfo_Locale>1033</VerInfo_Locale>
        <DCC_UsePackage>cxPivotGridChartRS17;JvMM;dxSkinSevenRS17;dxSkinBlueprintRS17;dxSkinHighContrastRS17;dxSkinOffice2007BlackRS17;dxCoreRS17;cxPageControldxBarPopupMenuRS17;dxSkinXmas2008BlueRS17;dxPSDBTeeChartRS17;JvCrypt;dxPSTeeChartRS17;dxSkinSummer2008RS17;dxPScxSchedulerLnkRS17;dxSkinBlueRS17;dxSkinDarkRoomRS17;DBXInterBaseDriver;DataSnapServer;DataSnapCommon;dxPScxTLLnkRS17;JvNet;JvDotNetCtrls;dxRibbonRS17;DbxCommonDriver;cxDataRS17;vclimg;dxSkinsdxBarPainterRS17;dxPSdxDBTVLnkRS17;dbxcds;DatasnapConnectorsFreePascal;NxDBGridDsgn_dxe3;JvXPCtrls;dxSkinMoneyTwinsRS17;vcldb;cxExportRS17;dxPSCoreRS17;dxBarExtItemsRS17;dxGDIPlusRS17;FMXfrx17;dxNavBarRS17;CustomIPTransport;cxLibraryRS17;cxGridRS17;dxSkinOffice2010BlackRS17;dsnap;IndyIPServer;IndyCore;dxSkinMcSkinRS17;CloudService;dxPScxCommonRS17;FmxTeeUI;frxDB17;AnyDAC_PhysDb2_D17;dxSkinsdxDLPainterRS17;dxSkiniMaginaryRS17;JvDB;JvRuntimeDesign;dxPScxVGridLnkRS17;JclDeveloperTools;dxSkinSevenClassicRS17;dxPScxExtCommonRS17;MyFrameTestPackage;dxPScxSSLnkRS17;NxGridRun_dxe3;dxSkinLilianRS17;fs17;dxPSdxLCLnkRS17;dxSkinOffice2010BlueRS17;NxCommonRun_dxe3;bindcompfmx;DataBindingsVCL170;dxSkinOffice2010SilverRS17;vcldbx;cxSchedulerGridRS17;dbrtl;bindcomp;inetdb;JvPluginSystem;dxBarRS17;DataBindings;DBXOdbcDriver;IcsCommonDXE3Run;JvCmp;dxBarDBNavRS17;dxSkinWhiteprintRS17;JvTimeFramework;xmlrtl;dxSkinsdxRibbonPainterRS17;ibxpress;dxDockingRS17;vclactnband;bindengine;soaprtl;FMXTee;dxADOServerModeRS17;bindcompvcl;dxBarExtDBItemsRS17;dxPSPrVwRibbonRS17;Jcl;vclie;dxSkinOffice2007PinkRS17;cxPageControlRS17;dxSkinscxPCPainterRS17;AnyDAC_PhysADS_D17;AnyDAC_PhysIB_D17;dxmdsRS17;dxSkinTheAsphaltWorldRS17;DBXInformixDriver;Intraweb;dxPsPrVwAdvRS17;NxInspectorRun_dxe3;dxSkinSilverRS17;dxdborRS17;dsnapcon;DBXFirebirdDriver;fsDB17;inet;dorm_runtime_xe3;JvPascalInterpreter;vclx;dxSkinStardustRS17;cxEditorsRS17;DBXSybaseASADriver;NxInspectorDsgn_dxe3;dbexpress;IndyIPClient;AnyDAC_PhysMySQL_D17;cxTreeListdxBarPopupMenuRS17;dxSkinVS2010RS17;NxGridDsgn_dxe3;dxThemeRS17;DBXSqliteDriver;dxPScxGridLnkRS17;fmx;JvDlgs;IndySystem;TeeDB;dxSkinValentineRS17;vclib;inetdbbde;DataSnapClient;dxSkinDevExpressStyleRS17;DataSnapProviderClient;DBXSybaseASEDriver;cxBarEditItemRS17;AnyDAC_PhysMSAcc_D17;dxServerModeRS17;cxPivotGridOLAPRS17;cxSchedulerRS17;MetropolisUILiveTile;AnyDAC_PhysSQLITE_D17;dxPSLnksRS17;dxSkinPumpkinRS17;dxPSdxDBOCLnkRS17;cxVerticalGridRS17;dxSkinSpringTimeRS17;vcldsnap;dxSkinDevExpressDarkStyleRS17;DBXDb2Driver;AnyDAC_ComI_D17;DBXOracleDriver;AnyDAC_PhysMSSQL_D17;JvCore;NxDBGridRun_dxe3;vclribbon;AnyDAC_Comp_D17;cxSpreadSheetRS17;dxSkinLiquidSkyRS17;AnyDAC_PhysODBC_D17;fmxase;vcl;dxSkinOffice2007SilverRS17;AnyDAC_PhysPg_D17;IndyIPCommon;DBXMSSQLDriver;CodeSiteExpressPkg;dxPSdxOCLnkRS17;dcldxSkinsCoreRS17;JvAppFrm;AnyDAC_PhysASA_D17;inetdbxpress;webdsnap;NxCollectionRun_dxe3;AnyDAC_PhysOracle_D17;dxSkinCoffeeRS17;JvDocking;adortl;dxSkinscxSchedulerPainterRS17;JvWizards;NxCollectionDsgn_dxe3;frx17;NxCommonDsgn_dxe3;dxtrmdRS17;dxPScxPCProdRS17;AnyDAC_GUIxForms_D17;JvBands;rtl;DbxClientDriver;AnyDAC_PhysTDBX_D17;dxTabbedMDIRS17;dxComnRS17;dxSkinSharpPlusRS17;dxSkinsCoreRS17;dxSkinLondonLiquidSkyRS17;dxdbtrRS17;Tee;JclContainers;NxAddonsRun_dxe3;CPortLibDXE;JvSystem;dxorgcRS17;svnui;dxSkinBlackRS17;JvControls;NxSheetRun_dxe3;IndyProtocols;DBXMySQLDriver;dxLayoutControlRS17;bindcompdbx;TeeUI;JvJans;JvPrintPreview;JvPageComps;JvStdCtrls;JvCustom;dxSkinOffice2007BlueRS17;dxPScxPivotGridLnkRS17;dxSpellCheckerRS17;vcltouch;dxSkinOffice2007GreenRS17;dxSkinSharpRS17;websnap;dxSkinFoggyRS17;dxTileControlRS17;VclSmp;FMXfrxDB17;dxSkinDarkSideRS17;cxPivotGridRS17;DataSnapConnectors;AnyDAC_Phys_D17;fmxobj;SynEdit_RXE3;JclVcl;cxTreeListRS17;dxPSdxFCLnkRS17;dxSkinGlassOceansRS17;frxe17;svn;dxFlowChartRS17;fmxdae;dxSkinsdxNavBarPainterRS17;bdertl;VirtualTreesR;DataSnapIndy10ServerTransport;dxDBXServerModeRS17;dxSkinCaramelRS17;$(DCC_UsePackage)</DCC_UsePackage>
    </PropertyGroup>
    <PropertyGroup Condition="'$(Base_Win64)'!=''">
        <DCC_UsePackage>cxPivotGridChartRS17;JvMM;dxSkinSevenRS17;dxSkinBlueprintRS17;dxSkinHighContrastRS17;dxSkinOffice2007BlackRS17;dxCoreRS17;cxPageControldxBarPopupMenuRS17;dxSkinXmas2008BlueRS17;dxPSDBTeeChartRS17;JvCrypt;dxPSTeeChartRS17;dxSkinSummer2008RS17;dxPScxSchedulerLnkRS17;dxSkinBlueRS17;dxSkinDarkRoomRS17;DBXInterBaseDriver;DataSnapServer;DataSnapCommon;dxPScxTLLnkRS17;JvNet;dxRibbonRS17;DbxCommonDriver;cxDataRS17;vclimg;dxSkinsdxBarPainterRS17;dxPSdxDBTVLnkRS17;dbxcds;DatasnapConnectorsFreePascal;NxDBGridDsgn_dxe3;dxSkinMoneyTwinsRS17;vcldb;cxExportRS17;dxPSCoreRS17;dxBarExtItemsRS17;dxGDIPlusRS17;dxNavBarRS17;CustomIPTransport;cxLibraryRS17;cxGridRS17;dxSkinOffice2010BlackRS17;dsnap;IndyIPServer;IndyCore;dxSkinMcSkinRS17;dxPScxCommonRS17;AnyDAC_PhysDb2_D17;dxSkinsdxDLPainterRS17;dxSkiniMaginaryRS17;JvDB;dxPScxVGridLnkRS17;dxSkinSevenClassicRS17;dxPScxExtCommonRS17;dxPScxSSLnkRS17;NxGridRun_dxe3;dxSkinLilianRS17;dxPSdxLCLnkRS17;dxSkinOffice2010BlueRS17;NxCommonRun_dxe3;bindcompfmx;dxSkinOffice2010SilverRS17;dbrtl;bindcomp;inetdb;JvPluginSystem;dxBarRS17;DBXOdbcDriver;JvCmp;dxBarDBNavRS17;dxSkinWhiteprintRS17;JvTimeFramework;xmlrtl;dxSkinsdxRibbonPainterRS17;ibxpress;dxDockingRS17;vclactnband;bindengine;soaprtl;dxADOServerModeRS17;bindcompvcl;dxBarExtDBItemsRS17;dxPSPrVwRibbonRS17;vclie;dxSkinOffice2007PinkRS17;cxPageControlRS17;dxSkinscxPCPainterRS17;AnyDAC_PhysADS_D17;AnyDAC_PhysIB_D17;dxmdsRS17;dxSkinTheAsphaltWorldRS17;DBXInformixDriver;dxPsPrVwAdvRS17;NxInspectorRun_dxe3;dxSkinSilverRS17;dxdborRS17;dsnapcon;DBXFirebirdDriver;inet;JvPascalInterpreter;vclx;dxSkinStardustRS17;cxEditorsRS17;DBXSybaseASADriver;NxInspectorDsgn_dxe3;dbexpress;IndyIPClient;AnyDAC_PhysMySQL_D17;cxTreeListdxBarPopupMenuRS17;dxSkinVS2010RS17;NxGridDsgn_dxe3;dxThemeRS17;DBXSqliteDriver;dxPScxGridLnkRS17;fmx;JvDlgs;IndySystem;TeeDB;dxSkinValentineRS17;vclib;DataSnapClient;dxSkinDevExpressStyleRS17;DataSnapProviderClient;DBXSybaseASEDriver;cxBarEditItemRS17;AnyDAC_PhysMSAcc_D17;dxServerModeRS17;cxPivotGridOLAPRS17;cxSchedulerRS17;AnyDAC_PhysSQLITE_D17;dxPSLnksRS17;dxSkinPumpkinRS17;dxPSdxDBOCLnkRS17;cxVerticalGridRS17;dxSkinSpringTimeRS17;vcldsnap;dxSkinDevExpressDarkStyleRS17;DBXDb2Driver;AnyDAC_ComI_D17;DBXOracleDriver;AnyDAC_PhysMSSQL_D17;JvCore;NxDBGridRun_dxe3;AnyDAC_Comp_D17;cxSpreadSheetRS17;dxSkinLiquidSkyRS17;AnyDAC_PhysODBC_D17;fmxase;vcl;dxSkinOffice2007SilverRS17;AnyDAC_PhysPg_D17;IndyIPCommon;DBXMSSQLDriver;dxPSdxOCLnkRS17;dcldxSkinsCoreRS17;JvAppFrm;AnyDAC_PhysASA_D17;inetdbxpress;webdsnap;NxCollectionRun_dxe3;AnyDAC_PhysOracle_D17;dxSkinCoffeeRS17;adortl;dxSkinscxSchedulerPainterRS17;JvWizards;NxCollectionDsgn_dxe3;NxCommonDsgn_dxe3;dxtrmdRS17;dxPScxPCProdRS17;AnyDAC_GUIxForms_D17;JvBands;rtl;DbxClientDriver;AnyDAC_PhysTDBX_D17;dxTabbedMDIRS17;dxComnRS17;dxSkinSharpPlusRS17;dxSkinsCoreRS17;dxSkinLondonLiquidSkyRS17;dxdbtrRS17;Tee;NxAddonsRun_dxe3;JvSystem;dxorgcRS17;dxSkinBlackRS17;JvControls;NxSheetRun_dxe3;IndyProtocols;DBXMySQLDriver;dxLayoutControlRS17;bindcompdbx;TeeUI;JvJans;JvPrintPreview;JvPageComps;JvStdCtrls;JvCustom;dxSkinOffice2007BlueRS17;dxPScxPivotGridLnkRS17;vcltouch;dxSkinOffice2007GreenRS17;dxSkinSharpRS17;websnap;dxSkinFoggyRS17;VclSmp;dxSkinDarkSideRS17;cxPivotGridRS17;DataSnapConnectors;AnyDAC_Phys_D17;fmxobj;SynEdit_RXE3;cxTreeListRS17;dxPSdxFCLnkRS17;dxSkinGlassOceansRS17;dxFlowChartRS17;fmxdae;dxSkinsdxNavBarPainterRS17;DataSnapIndy10ServerTransport;dxDBXServerModeRS17;dxSkinCaramelRS17;$(DCC_UsePackage)</DCC_UsePackage>
    </PropertyGroup>
    <PropertyGroup Condition="'$(Cfg_1)'!=''">
        <DCC_Define>DEBUG;$(DCC_Define)</DCC_Define>
        <DCC_DebugDCUs>true</DCC_DebugDCUs>
        <DCC_Optimize>false</DCC_Optimize>
        <DCC_GenerateStackFrames>true</DCC_GenerateStackFrames>
        <DCC_DebugInfoInExe>true</DCC_DebugInfoInExe>
        <DCC_RemoteDebug>true</DCC_RemoteDebug>
    </PropertyGroup>
    <PropertyGroup Condition="'$(Cfg_1_Win32)'!=''">
        <VerInfo_Locale>1033</VerInfo_Locale>
        <DCC_RemoteDebug>false</DCC_RemoteDebug>
    </PropertyGroup>
    <PropertyGroup Condition="'$(Cfg_2)'!=''">
        <DCC_LocalDebugSymbols>false</DCC_LocalDebugSymbols>
        <DCC_Define>RELEASE;$(DCC_Define)</DCC_Define>
        <DCC_SymbolReferenceInfo>0</DCC_SymbolReferenceInfo>
        <DCC_DebugInformation>0</DCC_DebugInformation>
    </PropertyGroup>
    <ItemGroup>
        <DelphiCompile Include="$(MainSource)">
            <MainSource>MainSource</MainSource>
        </DelphiCompile>
        <DCCReference Include="MainWebModuleUnit.pas">
            <Form>wm</Form>
            <DesignClass>TWebModule</DesignClass>
        </DCCReference>
        <DCCReference Include="WineCellarAppControllerU.pas"/>
        <DCCReference Include="MainDataModuleUnit.pas">
            <Form>WineCellarDataModule</Form>
            <DesignClass>TDataModule</DesignClass>
        </DCCReference>
        <DCCReference Include="WinesBO.pas"/>
        <BuildConfiguration Include="Base">
            <Key>Base</Key>
        </BuildConfiguration>
        <BuildConfiguration Include="Debug">
            <Key>Cfg_1</Key>
            <CfgParent>Base</CfgParent>
        </BuildConfiguration>
        <BuildConfiguration Include="Release">
            <Key>Cfg_2</Key>
            <CfgParent>Base</CfgParent>
        </BuildConfiguration>
    </ItemGroup>
    <ProjectExtensions>
        <Borland.Personality>Delphi.Personality.12</Borland.Personality>
        <Borland.ProjectType/>
        <BorlandProject>
            <Delphi.Personality>
                <VersionInfo>
                    <VersionInfo Name="IncludeVerInfo">False</VersionInfo>
                    <VersionInfo Name="AutoIncBuild">False</VersionInfo>
                    <VersionInfo Name="MajorVer">1</VersionInfo>
                    <VersionInfo Name="MinorVer">0</VersionInfo>
                    <VersionInfo Name="Release">0</VersionInfo>
                    <VersionInfo Name="Build">0</VersionInfo>
                    <VersionInfo Name="Debug">False</VersionInfo>
                    <VersionInfo Name="PreRelease">False</VersionInfo>
                    <VersionInfo Name="Special">False</VersionInfo>
                    <VersionInfo Name="Private">False</VersionInfo>
                    <VersionInfo Name="DLL">False</VersionInfo>
                    <VersionInfo Name="Locale">1040</VersionInfo>
                    <VersionInfo Name="CodePage">1252</VersionInfo>
                </VersionInfo>
                <VersionInfoKeys>
                    <VersionInfoKeys Name="CompanyName"/>
                    <VersionInfoKeys Name="FileDescription"/>
                    <VersionInfoKeys Name="FileVersion">1.0.0.0</VersionInfoKeys>
                    <VersionInfoKeys Name="InternalName"/>
                    <VersionInfoKeys Name="LegalCopyright"/>
                    <VersionInfoKeys Name="LegalTrademarks"/>
                    <VersionInfoKeys Name="OriginalFilename"/>
                    <VersionInfoKeys Name="ProductName"/>
                    <VersionInfoKeys Name="ProductVersion">1.0.0.0</VersionInfoKeys>
                    <VersionInfoKeys Name="Comments"/>
                    <VersionInfoKeys Name="CFBundleName"/>
                    <VersionInfoKeys Name="CFBundleDisplayName"/>
                    <VersionInfoKeys Name="CFBundleIdentifier"/>
                    <VersionInfoKeys Name="CFBundleVersion"/>
                    <VersionInfoKeys Name="CFBundlePackageType"/>
                    <VersionInfoKeys Name="CFBundleSignature"/>
                    <VersionInfoKeys Name="CFBundleAllowMixedLocalizations"/>
                    <VersionInfoKeys Name="CFBundleExecutable"/>
                </VersionInfoKeys>
                <Source>
                    <Source Name="MainSource">WineCellarServer.dpr</Source>
                </Source>
                <Excluded_Packages>
                    <Excluded_Packages Name="$(BDSBIN)\bcboffice2k240.bpl">Embarcadero C++Builder Office 2000 Servers Package</Excluded_Packages>
                    <Excluded_Packages Name="$(BDSBIN)\bcbofficexp240.bpl">Embarcadero C++Builder Office XP Servers Package</Excluded_Packages>
                    <Excluded_Packages Name="$(BDSBIN)\dcloffice2k240.bpl">Microsoft Office 2000 Sample Automation Server Wrapper Components</Excluded_Packages>
                    <Excluded_Packages Name="$(BDSBIN)\dclofficexp240.bpl">Microsoft Office XP Sample Automation Server Wrapper Components</Excluded_Packages>
                </Excluded_Packages>
            </Delphi.Personality>
            <Deployment Version="4"/>
            <Platforms>
                <Platform value="Android">False</Platform>
                <Platform value="Android64">False</Platform>
                <Platform value="Win32">True</Platform>
                <Platform value="Win64">False</Platform>
            </Platforms>
        </BorlandProject>
        <ProjectFileVersion>12</ProjectFileVersion>
    </ProjectExtensions>
    <Import Project="$(BDS)\Bin\CodeGear.Delphi.Targets" Condition="Exists('$(BDS)\Bin\CodeGear.Delphi.Targets')"/>
    <Import Project="$(APPDATA)\Embarcadero\$(BDSAPPDATABASEDIR)\$(PRODUCTVERSION)\UserTools.proj" Condition="Exists('$(APPDATA)\Embarcadero\$(BDSAPPDATABASEDIR)\$(PRODUCTVERSION)\UserTools.proj')"/>
    <Import Project="$(MSBuildProjectName).deployproj" Condition="Exists('$(MSBuildProjectName).deployproj')"/>
</Project>
